
Microsoft Visual Studio Solution File, Format Version 12.00
# Visual Studio 14
VisualStudioVersion = 14.0.24720.0
MinimumVisualStudioVersion = 10.0.40219.1
Project("{2150E333-8FDC-42A3-9474-1A3956D46DE8}") = "Firefox", "Firefox", "{C7262078-F524-4DF0-9C47-DD2C54BA3CEA}"
	ProjectSection(SolutionItems) = preProject
		index.js = index.js
	EndProjectSection
EndProject
Project("{2150E333-8FDC-42A3-9474-1A3956D46DE8}") = "data", "data", "{C68F4170-5801-4EA3-8769-DEDC91985C95}"
	ProjectSection(SolutionItems) = preProject
		data\option.html = data\option.html
	EndProjectSection
EndProject
Project("{2150E333-8FDC-42A3-9474-1A3956D46DE8}") = "style", "style", "{FD1D8BE3-D935-4FB2-8908-E13669EF1B13}"
	ProjectSection(SolutionItems) = preProject
		data\style\hstyle.css = data\style\hstyle.css
	EndProjectSection
EndProject
Project("{2150E333-8FDC-42A3-9474-1A3956D46DE8}") = "script", "script", "{45911443-5CE4-4FFF-BF5D-8B393309598A}"
	ProjectSection(SolutionItems) = preProject
		data\script\htube.js = data\script\htube.js
		data\script\interface.js = data\script\interface.js
		data\script\jquery-1.11.3.min.js = data\script\jquery-1.11.3.min.js
	EndProjectSection
EndProject
Global
	GlobalSection(SolutionProperties) = preSolution
		HideSolutionNode = FALSE
	EndGlobalSection
	GlobalSection(NestedProjects) = preSolution
		{C68F4170-5801-4EA3-8769-DEDC91985C95} = {C7262078-F524-4DF0-9C47-DD2C54BA3CEA}
		{FD1D8BE3-D935-4FB2-8908-E13669EF1B13} = {C68F4170-5801-4EA3-8769-DEDC91985C95}
		{45911443-5CE4-4FFF-BF5D-8B393309598A} = {C68F4170-5801-4EA3-8769-DEDC91985C95}
	EndGlobalSection
EndGlobal
